
Microsoft Visual Studio Solution File, Format Version 12.00
# Visual Studio 15
VisualStudioVersion = 15.0.28010.2050
MinimumVisualStudioVersion = 10.0.40219.1
Project("{FAE04EC0-301F-11D3-BF4B-00C04F79EFBC}") = "Jokes_CL_Bot", "Jokes_CL_Bot\Jokes_CL_Bot.csproj", "{B59FEEB4-48E5-4C12-BDA0-508132452444}"
EndProject
Global
	GlobalSection(SolutionConfigurationPlatforms) = preSolution
		Debug|Any CPU = Debug|Any CPU
		Release|Any CPU = Release|Any CPU
	EndGlobalSection
	GlobalSection(ProjectConfigurationPlatforms) = postSolution
		{B59FEEB4-48E5-4C12-BDA0-508132452444}.Debug|Any CPU.ActiveCfg = Debug|Any CPU
		{B59FEEB4-48E5-4C12-BDA0-508132452444}.Debug|Any CPU.Build.0 = Debug|Any CPU
		{B59FEEB4-48E5-4C12-BDA0-508132452444}.Release|Any CPU.ActiveCfg = Release|Any CPU
		{B59FEEB4-48E5-4C12-BDA0-508132452444}.Release|Any CPU.Build.0 = Release|Any CPU
	EndGlobalSection
	GlobalSection(SolutionProperties) = preSolution
		HideSolutionNode = FALSE
	EndGlobalSection
	GlobalSection(ExtensibilityGlobals) = postSolution
		SolutionGuid = {F58B4571-1B87-49D9-89A9-3DBC211BE174}
	EndGlobalSection
EndGlobal
